// !$*UTF8*$!
{
	archiveVersion = 1;
	classes = {
	};
	objectVersion = 46;
	objects = {

/* Begin PBXBuildFile section */
		A925A36B1D396DC0000F2555 /* UsersTableViewModel.swift in Sources */ = {isa = PBXBuildFile; fileRef = A925A36A1D396DC0000F2555 /* UsersTableViewModel.swift */; };
		A94B39BA1D36E0FD00CD70DE /* NetworkManagers.swift in Sources */ = {isa = PBXBuildFile; fileRef = A94B39B91D36E0FD00CD70DE /* NetworkManagers.swift */; };
		A94B39BC1D36E18C00CD70DE /* JSON.swift in Sources */ = {isa = PBXBuildFile; fileRef = A94B39BB1D36E18C00CD70DE /* JSON.swift */; };
		A94B39C01D36E9D400CD70DE /* Observable+Optional.swift in Sources */ = {isa = PBXBuildFile; fileRef = A94B39BF1D36E9D400CD70DE /* Observable+Optional.swift */; };
		A94B39C21D3704C400CD70DE /* JSONMappable.swift in Sources */ = {isa = PBXBuildFile; fileRef = A94B39C11D3704C400CD70DE /* JSONMappable.swift */; };
		A94B39C41D383B0600CD70DE /* PSNModel.swift in Sources */ = {isa = PBXBuildFile; fileRef = A94B39C31D383B0600CD70DE /* PSNModel.swift */; };
		A94D416F1D3947D300205A18 /* With.swift in Sources */ = {isa = PBXBuildFile; fileRef = A94D416E1D3947D300205A18 /* With.swift */; };
		A95EE6891D348FAC00CDB6ED /* AppDelegate.swift in Sources */ = {isa = PBXBuildFile; fileRef = A95EE6881D348FAC00CDB6ED /* AppDelegate.swift */; };
		A95EE68B1D348FAC00CDB6ED /* ViewController.swift in Sources */ = {isa = PBXBuildFile; fileRef = A95EE68A1D348FAC00CDB6ED /* ViewController.swift */; };
		A95EE68E1D348FAC00CDB6ED /* Main.storyboard in Resources */ = {isa = PBXBuildFile; fileRef = A95EE68C1D348FAC00CDB6ED /* Main.storyboard */; };
		A95EE6901D348FAC00CDB6ED /* Assets.xcassets in Resources */ = {isa = PBXBuildFile; fileRef = A95EE68F1D348FAC00CDB6ED /* Assets.xcassets */; };
		A95EE6931D348FAC00CDB6ED /* LaunchScreen.storyboard in Resources */ = {isa = PBXBuildFile; fileRef = A95EE6911D348FAC00CDB6ED /* LaunchScreen.storyboard */; };
		A95EE69F1D348FF100CDB6ED /* User.swift in Sources */ = {isa = PBXBuildFile; fileRef = A95EE69E1D348FF100CDB6ED /* User.swift */; };
		A95EE6A11D348FF700CDB6ED /* Presence.swift in Sources */ = {isa = PBXBuildFile; fileRef = A95EE6A01D348FF700CDB6ED /* Presence.swift */; };
		A960615D1D36CB3A00C7C44C /* UserCell.swift in Sources */ = {isa = PBXBuildFile; fileRef = A960615C1D36CB3A00C7C44C /* UserCell.swift */; };
		A985B6721D36D87F0059FB6A /* Moya.framework in Frameworks */ = {isa = PBXBuildFile; fileRef = A985B6711D36D87F0059FB6A /* Moya.framework */; };
		A9A07BC71D39382A00810E8A /* RxDataSources.framework in Frameworks */ = {isa = PBXBuildFile; fileRef = A9A07BC61D39382A00810E8A /* RxDataSources.framework */; };
		A9A07BC91D3938C300810E8A /* SectionOfUsers.swift in Sources */ = {isa = PBXBuildFile; fileRef = A9A07BC81D3938C300810E8A /* SectionOfUsers.swift */; };
		A9B62E311D36D9C6003CD848 /* PSNEndpoint.swift in Sources */ = {isa = PBXBuildFile; fileRef = A9B62E301D36D9C6003CD848 /* PSNEndpoint.swift */; };
/* End PBXBuildFile section */

/* Begin PBXFileReference section */
		A925A36A1D396DC0000F2555 /* UsersTableViewModel.swift */ = {isa = PBXFileReference; fileEncoding = 4; lastKnownFileType = sourcecode.swift; path = UsersTableViewModel.swift; sourceTree = "<group>"; };
		A94B39B91D36E0FD00CD70DE /* NetworkManagers.swift */ = {isa = PBXFileReference; fileEncoding = 4; lastKnownFileType = sourcecode.swift; path = NetworkManagers.swift; sourceTree = "<group>"; };
		A94B39BB1D36E18C00CD70DE /* JSON.swift */ = {isa = PBXFileReference; fileEncoding = 4; lastKnownFileType = sourcecode.swift; path = JSON.swift; sourceTree = "<group>"; };
		A94B39BF1D36E9D400CD70DE /* Observable+Optional.swift */ = {isa = PBXFileReference; fileEncoding = 4; lastKnownFileType = sourcecode.swift; path = "Observable+Optional.swift"; sourceTree = "<group>"; };
		A94B39C11D3704C400CD70DE /* JSONMappable.swift */ = {isa = PBXFileReference; fileEncoding = 4; lastKnownFileType = sourcecode.swift; path = JSONMappable.swift; sourceTree = "<group>"; };
		A94B39C31D383B0600CD70DE /* PSNModel.swift */ = {isa = PBXFileReference; fileEncoding = 4; lastKnownFileType = sourcecode.swift; path = PSNModel.swift; sourceTree = "<group>"; };
		A94D416E1D3947D300205A18 /* With.swift */ = {isa = PBXFileReference; fileEncoding = 4; lastKnownFileType = sourcecode.swift; path = With.swift; sourceTree = "<group>"; };
		A95EE6851D348FAC00CDB6ED /* PSQUAD.app */ = {isa = PBXFileReference; explicitFileType = wrapper.application; includeInIndex = 0; path = PSQUAD.app; sourceTree = BUILT_PRODUCTS_DIR; };
		A95EE6881D348FAC00CDB6ED /* AppDelegate.swift */ = {isa = PBXFileReference; lastKnownFileType = sourcecode.swift; path = AppDelegate.swift; sourceTree = "<group>"; };
		A95EE68A1D348FAC00CDB6ED /* ViewController.swift */ = {isa = PBXFileReference; lastKnownFileType = sourcecode.swift; path = ViewController.swift; sourceTree = "<group>"; };
		A95EE68D1D348FAC00CDB6ED /* Base */ = {isa = PBXFileReference; lastKnownFileType = file.storyboard; name = Base; path = Base.lproj/Main.storyboard; sourceTree = "<group>"; };
		A95EE68F1D348FAC00CDB6ED /* Assets.xcassets */ = {isa = PBXFileReference; lastKnownFileType = folder.assetcatalog; path = Assets.xcassets; sourceTree = "<group>"; };
		A95EE6921D348FAC00CDB6ED /* Base */ = {isa = PBXFileReference; lastKnownFileType = file.storyboard; name = Base; path = Base.lproj/LaunchScreen.storyboard; sourceTree = "<group>"; };
		A95EE6941D348FAC00CDB6ED /* Info.plist */ = {isa = PBXFileReference; lastKnownFileType = text.plist.xml; path = Info.plist; sourceTree = "<group>"; };
		A95EE69E1D348FF100CDB6ED /* User.swift */ = {isa = PBXFileReference; fileEncoding = 4; lastKnownFileType = sourcecode.swift; path = User.swift; sourceTree = "<group>"; };
		A95EE6A01D348FF700CDB6ED /* Presence.swift */ = {isa = PBXFileReference; fileEncoding = 4; lastKnownFileType = sourcecode.swift; path = Presence.swift; sourceTree = "<group>"; };
		A960615C1D36CB3A00C7C44C /* UserCell.swift */ = {isa = PBXFileReference; fileEncoding = 4; lastKnownFileType = sourcecode.swift; path = UserCell.swift; sourceTree = "<group>"; };
		A985B6711D36D87F0059FB6A /* Moya.framework */ = {isa = PBXFileReference; lastKnownFileType = wrapper.framework; name = Moya.framework; path = Carthage/Build/iOS/Moya.framework; sourceTree = "<group>"; };
		A9A07BC61D39382A00810E8A /* RxDataSources.framework */ = {isa = PBXFileReference; lastKnownFileType = wrapper.framework; name = RxDataSources.framework; path = Carthage/Build/iOS/RxDataSources.framework; sourceTree = "<group>"; };
		A9A07BC81D3938C300810E8A /* SectionOfUsers.swift */ = {isa = PBXFileReference; fileEncoding = 4; lastKnownFileType = sourcecode.swift; path = SectionOfUsers.swift; sourceTree = "<group>"; };
		A9B62E301D36D9C6003CD848 /* PSNEndpoint.swift */ = {isa = PBXFileReference; fileEncoding = 4; lastKnownFileType = sourcecode.swift; path = PSNEndpoint.swift; sourceTree = "<group>"; };
/* End PBXFileReference section */

/* Begin PBXFrameworksBuildPhase section */
		A95EE6821D348FAC00CDB6ED /* Frameworks */ = {
			isa = PBXFrameworksBuildPhase;
			buildActionMask = 2147483647;
			files = (
				A985B6721D36D87F0059FB6A /* Moya.framework in Frameworks */,
				A9A07BC71D39382A00810E8A /* RxDataSources.framework in Frameworks */,
			);
			runOnlyForDeploymentPostprocessing = 0;
		};
/* End PBXFrameworksBuildPhase section */

/* Begin PBXGroup section */
		A94B39BD1D36E1D600CD70DE /* Primitives */ = {
			isa = PBXGroup;
			children = (
				A95EE69E1D348FF100CDB6ED /* User.swift */,
				A95EE6A01D348FF700CDB6ED /* Presence.swift */,
			);
			name = Primitives;
			sourceTree = "<group>";
		};
		A94B39BE1D36E9BF00CD70DE /* Helpers */ = {
			isa = PBXGroup;
			children = (
				A94B39BF1D36E9D400CD70DE /* Observable+Optional.swift */,
				A94B39C11D3704C400CD70DE /* JSONMappable.swift */,
				A94D416E1D3947D300205A18 /* With.swift */,
			);
			name = Helpers;
			sourceTree = "<group>";
		};
		A94D416B1D39463800205A18 /* UsersTable */ = {
			isa = PBXGroup;
			children = (
				A925A36A1D396DC0000F2555 /* UsersTableViewModel.swift */,
				A9A07BC81D3938C300810E8A /* SectionOfUsers.swift */,
			);
			name = UsersTable;
			sourceTree = "<group>";
		};
		A95EE67C1D348FAC00CDB6ED = {
			isa = PBXGroup;
			children = (
				A985B6711D36D87F0059FB6A /* Moya.framework */,
				A9A07BC61D39382A00810E8A /* RxDataSources.framework */,
				A95EE6871D348FAC00CDB6ED /* PSQUAD */,
				A95EE6861D348FAC00CDB6ED /* Products */,
			);
			sourceTree = "<group>";
		};
		A95EE6861D348FAC00CDB6ED /* Products */ = {
			isa = PBXGroup;
			children = (
				A95EE6851D348FAC00CDB6ED /* PSQUAD.app */,
			);
			name = Products;
			sourceTree = "<group>";
		};
		A95EE6871D348FAC00CDB6ED /* PSQUAD */ = {
			isa = PBXGroup;
			children = (
				A95EE6881D348FAC00CDB6ED /* AppDelegate.swift */,
				A95EE68A1D348FAC00CDB6ED /* ViewController.swift */,
				A95EE68C1D348FAC00CDB6ED /* Main.storyboard */,
				A95EE68F1D348FAC00CDB6ED /* Assets.xcassets */,
				A95EE6911D348FAC00CDB6ED /* LaunchScreen.storyboard */,
				A95EE6941D348FAC00CDB6ED /* Info.plist */,
				A9B62E2F1D36D9B3003CD848 /* Network */,
				A95EE69D1D348FEB00CDB6ED /* Model */,
				A960615B1D36CB1500C7C44C /* Views */,
				A94B39BE1D36E9BF00CD70DE /* Helpers */,
			);
			path = PSQUAD;
			sourceTree = "<group>";
		};
		A95EE69D1D348FEB00CDB6ED /* Model */ = {
			isa = PBXGroup;
			children = (
				A94B39C31D383B0600CD70DE /* PSNModel.swift */,
				A94D416B1D39463800205A18 /* UsersTable */,
				A94B39BD1D36E1D600CD70DE /* Primitives */,
			);
			name = Model;
			sourceTree = "<group>";
		};
		A960615B1D36CB1500C7C44C /* Views */ = {
			isa = PBXGroup;
			children = (
				A960615C1D36CB3A00C7C44C /* UserCell.swift */,
			);
			name = Views;
			sourceTree = "<group>";
		};
		A9B62E2F1D36D9B3003CD848 /* Network */ = {
			isa = PBXGroup;
			children = (
				A94B39BB1D36E18C00CD70DE /* JSON.swift */,
				A94B39B91D36E0FD00CD70DE /* NetworkManagers.swift */,
				A9B62E301D36D9C6003CD848 /* PSNEndpoint.swift */,
			);
			name = Network;
			sourceTree = "<group>";
		};
/* End PBXGroup section */

/* Begin PBXNativeTarget section */
		A95EE6841D348FAC00CDB6ED /* PSQUAD */ = {
			isa = PBXNativeTarget;
			buildConfigurationList = A95EE6971D348FAC00CDB6ED /* Build configuration list for PBXNativeTarget "PSQUAD" */;
			buildPhases = (
				A95EE6811D348FAC00CDB6ED /* Sources */,
				A95EE6821D348FAC00CDB6ED /* Frameworks */,
				A95EE6831D348FAC00CDB6ED /* Resources */,
				A95EE69C1D348FDB00CDB6ED /* ShellScript */,
			);
			buildRules = (
			);
			dependencies = (
			);
			name = PSQUAD;
			productName = PSQUAD;
			productReference = A95EE6851D348FAC00CDB6ED /* PSQUAD.app */;
			productType = "com.apple.product-type.application";
		};
/* End PBXNativeTarget section */

/* Begin PBXProject section */
		A95EE67D1D348FAC00CDB6ED /* Project object */ = {
			isa = PBXProject;
			attributes = {
				LastSwiftUpdateCheck = 0730;
				LastUpgradeCheck = 0730;
				ORGANIZATIONNAME = "James Taylor";
				TargetAttributes = {
					A95EE6841D348FAC00CDB6ED = {
						CreatedOnToolsVersion = 7.3.1;
						DevelopmentTeam = C9W4RZSJDP;
						DevelopmentTeamName = "James Taylor";
					};
				};
			};
			buildConfigurationList = A95EE6801D348FAC00CDB6ED /* Build configuration list for PBXProject "PSQUAD" */;
			compatibilityVersion = "Xcode 3.2";
			developmentRegion = English;
			hasScannedForEncodings = 0;
			knownRegions = (
				en,
				Base,
			);
			mainGroup = A95EE67C1D348FAC00CDB6ED;
			productRefGroup = A95EE6861D348FAC00CDB6ED /* Products */;
			projectDirPath = "";
			projectRoot = "";
			targets = (
				A95EE6841D348FAC00CDB6ED /* PSQUAD */,
			);
		};
/* End PBXProject section */

/* Begin PBXResourcesBuildPhase section */
		A95EE6831D348FAC00CDB6ED /* Resources */ = {
			isa = PBXResourcesBuildPhase;
			buildActionMask = 2147483647;
			files = (
				A95EE6931D348FAC00CDB6ED /* LaunchScreen.storyboard in Resources */,
				A95EE6901D348FAC00CDB6ED /* Assets.xcassets in Resources */,
				A95EE68E1D348FAC00CDB6ED /* Main.storyboard in Resources */,
			);
			runOnlyForDeploymentPostprocessing = 0;
		};
/* End PBXResourcesBuildPhase section */

/* Begin PBXShellScriptBuildPhase section */
		A95EE69C1D348FDB00CDB6ED /* ShellScript */ = {
			isa = PBXShellScriptBuildPhase;
			buildActionMask = 2147483647;
			files = (
			);
			inputPaths = (
				"$(SRCROOT)/Carthage/Build/iOS/RxMoya.framework",
				"$(SRCROOT)/Carthage/Build/iOS/Result.framework",
				"$(SRCROOT)/Carthage/Build/iOS/Alamofire.framework",
				"$(SRCROOT)/Carthage/Build/iOS/RxSwift.framework",
				"$(SRCROOT)/Carthage/Build/iOS/RxCocoa.framework",
				"$(SRCROOT)/Carthage/Build/iOS/Moya.framework",
				"$(SRCROOT)/Carthage/Build/iOS/RxDataSources.framework",
			);
			outputPaths = (
			);
			runOnlyForDeploymentPostprocessing = 0;
			shellPath = /bin/sh;
			shellScript = "/usr/local/bin/carthage copy-frameworks\n";
		};
/* End PBXShellScriptBuildPhase section */

/* Begin PBXSourcesBuildPhase section */
		A95EE6811D348FAC00CDB6ED /* Sources */ = {
			isa = PBXSourcesBuildPhase;
			buildActionMask = 2147483647;
			files = (
				A925A36B1D396DC0000F2555 /* UsersTableViewModel.swift in Sources */,
				A960615D1D36CB3A00C7C44C /* UserCell.swift in Sources */,
				A9A07BC91D3938C300810E8A /* SectionOfUsers.swift in Sources */,
				A94B39C41D383B0600CD70DE /* PSNModel.swift in Sources */,
				A95EE68B1D348FAC00CDB6ED /* ViewController.swift in Sources */,
				A94B39C01D36E9D400CD70DE /* Observable+Optional.swift in Sources */,
				A94D416F1D3947D300205A18 /* With.swift in Sources */,
				A95EE6891D348FAC00CDB6ED /* AppDelegate.swift in Sources */,
				A95EE6A11D348FF700CDB6ED /* Presence.swift in Sources */,
				A9B62E311D36D9C6003CD848 /* PSNEndpoint.swift in Sources */,
				A94B39BA1D36E0FD00CD70DE /* NetworkManagers.swift in Sources */,
				A95EE69F1D348FF100CDB6ED /* User.swift in Sources */,
				A94B39BC1D36E18C00CD70DE /* JSON.swift in Sources */,
				A94B39C21D3704C400CD70DE /* JSONMappable.swift in Sources */,
			);
			runOnlyForDeploymentPostprocessing = 0;
		};
/* End PBXSourcesBuildPhase section */

/* Begin PBXVariantGroup section */
		A95EE68C1D348FAC00CDB6ED /* Main.storyboard */ = {
			isa = PBXVariantGroup;
			children = (
				A95EE68D1D348FAC00CDB6ED /* Base */,
			);
			name = Main.storyboard;
			sourceTree = "<group>";
		};
		A95EE6911D348FAC00CDB6ED /* LaunchScreen.storyboard */ = {
			isa = PBXVariantGroup;
			children = (
				A95EE6921D348FAC00CDB6ED /* Base */,
			);
			name = LaunchScreen.storyboard;
			sourceTree = "<group>";
		};
/* End PBXVariantGroup section */

/* Begin XCBuildConfiguration section */
		A95EE6951D348FAC00CDB6ED /* Debug */ = {
			isa = XCBuildConfiguration;
			buildSettings = {
				ALWAYS_SEARCH_USER_PATHS = NO;
				CLANG_ANALYZER_NONNULL = YES;
				CLANG_CXX_LANGUAGE_STANDARD = "gnu++0x";
				CLANG_CXX_LIBRARY = "libc++";
				CLANG_ENABLE_MODULES = YES;
				CLANG_ENABLE_OBJC_ARC = YES;
				CLANG_WARN_BOOL_CONVERSION = YES;
				CLANG_WARN_CONSTANT_CONVERSION = YES;
				CLANG_WARN_DIRECT_OBJC_ISA_USAGE = YES_ERROR;
				CLANG_WARN_EMPTY_BODY = YES;
				CLANG_WARN_ENUM_CONVERSION = YES;
				CLANG_WARN_INT_CONVERSION = YES;
				CLANG_WARN_OBJC_ROOT_CLASS = YES_ERROR;
				CLANG_WARN_UNREACHABLE_CODE = YES;
				CLANG_WARN__DUPLICATE_METHOD_MATCH = YES;
				"CODE_SIGN_IDENTITY[sdk=iphoneos*]" = "iPhone Developer";
				COPY_PHASE_STRIP = NO;
				DEBUG_INFORMATION_FORMAT = dwarf;
				ENABLE_STRICT_OBJC_MSGSEND = YES;
				ENABLE_TESTABILITY = YES;
				GCC_C_LANGUAGE_STANDARD = gnu99;
				GCC_DYNAMIC_NO_PIC = NO;
				GCC_NO_COMMON_BLOCKS = YES;
				GCC_OPTIMIZATION_LEVEL = 0;
				GCC_PREPROCESSOR_DEFINITIONS = (
					"DEBUG=1",
					"$(inherited)",
				);
				GCC_WARN_64_TO_32_BIT_CONVERSION = YES;
				GCC_WARN_ABOUT_RETURN_TYPE = YES_ERROR;
				GCC_WARN_UNDECLARED_SELECTOR = YES;
				GCC_WARN_UNINITIALIZED_AUTOS = YES_AGGRESSIVE;
				GCC_WARN_UNUSED_FUNCTION = YES;
				GCC_WARN_UNUSED_VARIABLE = YES;
				IPHONEOS_DEPLOYMENT_TARGET = 9.3;
				MTL_ENABLE_DEBUG_INFO = YES;
				ONLY_ACTIVE_ARCH = YES;
				SDKROOT = iphoneos;
				SWIFT_OPTIMIZATION_LEVEL = "-Onone";
				TARGETED_DEVICE_FAMILY = "1,2";
			};
			name = Debug;
		};
		A95EE6961D348FAC00CDB6ED /* Release */ = {
			isa = XCBuildConfiguration;
			buildSettings = {
				ALWAYS_SEARCH_USER_PATHS = NO;
				CLANG_ANALYZER_NONNULL = YES;
				CLANG_CXX_LANGUAGE_STANDARD = "gnu++0x";
				CLANG_CXX_LIBRARY = "libc++";
				CLANG_ENABLE_MODULES = YES;
				CLANG_ENABLE_OBJC_ARC = YES;
				CLANG_WARN_BOOL_CONVERSION = YES;
				CLANG_WARN_CONSTANT_CONVERSION = YES;
				CLANG_WARN_DIRECT_OBJC_ISA_USAGE = YES_ERROR;
				CLANG_WARN_EMPTY_BODY = YES;
				CLANG_WARN_ENUM_CONVERSION = YES;
				CLANG_WARN_INT_CONVERSION = YES;
				CLANG_WARN_OBJC_ROOT_CLASS = YES_ERROR;
				CLANG_WARN_UNREACHABLE_CODE = YES;
				CLANG_WARN__DUPLICATE_METHOD_MATCH = YES;
				"CODE_SIGN_IDENTITY[sdk=iphoneos*]" = "iPhone Developer";
				COPY_PHASE_STRIP = NO;
				DEBUG_INFORMATION_FORMAT = "dwarf-with-dsym";
				ENABLE_NS_ASSERTIONS = NO;
				ENABLE_STRICT_OBJC_MSGSEND = YES;
				GCC_C_LANGUAGE_STANDARD = gnu99;
				GCC_NO_COMMON_BLOCKS = YES;
				GCC_WARN_64_TO_32_BIT_CONVERSION = YES;
				GCC_WARN_ABOUT_RETURN_TYPE = YES_ERROR;
				GCC_WARN_UNDECLARED_SELECTOR = YES;
				GCC_WARN_UNINITIALIZED_AUTOS = YES_AGGRESSIVE;
				GCC_WARN_UNUSED_FUNCTION = YES;
				GCC_WARN_UNUSED_VARIABLE = YES;
				IPHONEOS_DEPLOYMENT_TARGET = 9.3;
				MTL_ENABLE_DEBUG_INFO = NO;
				SDKROOT = iphoneos;
				TARGETED_DEVICE_FAMILY = "1,2";
				VALIDATE_PRODUCT = YES;
			};
			name = Release;
		};
		A95EE6981D348FAC00CDB6ED /* Debug */ = {
			isa = XCBuildConfiguration;
			buildSettings = {
				ASSETCATALOG_COMPILER_APPICON_NAME = AppIcon;
				CODE_SIGN_IDENTITY = "iPhone Developer";
				FRAMEWORK_SEARCH_PATHS = (
					"$(inherited)",
					"$(PROJECT_DIR)/Carthage/Build/iOS",
				);
				INFOPLIST_FILE = PSQUAD/Info.plist;
				LD_RUNPATH_SEARCH_PATHS = "$(inherited) @executable_path/Frameworks";
				PRODUCT_BUNDLE_IDENTIFIER = com.jameslintaylor.PSQUAD;
				PRODUCT_NAME = "$(TARGET_NAME)";
			};
			name = Debug;
		};
		A95EE6991D348FAC00CDB6ED /* Release */ = {
			isa = XCBuildConfiguration;
			buildSettings = {
				ASSETCATALOG_COMPILER_APPICON_NAME = AppIcon;
				CODE_SIGN_IDENTITY = "iPhone Developer";
				FRAMEWORK_SEARCH_PATHS = (
					"$(inherited)",
					"$(PROJECT_DIR)/Carthage/Build/iOS",
				);
				INFOPLIST_FILE = PSQUAD/Info.plist;
				LD_RUNPATH_SEARCH_PATHS = "$(inherited) @executable_path/Frameworks";
				PRODUCT_BUNDLE_IDENTIFIER = com.jameslintaylor.PSQUAD;
				PRODUCT_NAME = "$(TARGET_NAME)";
			};
			name = Release;
		};
/* End XCBuildConfiguration section */

/* Begin XCConfigurationList section */
		A95EE6801D348FAC00CDB6ED /* Build configuration list for PBXProject "PSQUAD" */ = {
			isa = XCConfigurationList;
			buildConfigurations = (
				A95EE6951D348FAC00CDB6ED /* Debug */,
				A95EE6961D348FAC00CDB6ED /* Release */,
			);
			defaultConfigurationIsVisible = 0;
			defaultConfigurationName = Release;
		};
		A95EE6971D348FAC00CDB6ED /* Build configuration list for PBXNativeTarget "PSQUAD" */ = {
			isa = XCConfigurationList;
			buildConfigurations = (
				A95EE6981D348FAC00CDB6ED /* Debug */,
				A95EE6991D348FAC00CDB6ED /* Release */,
			);
			defaultConfigurationIsVisible = 0;
			defaultConfigurationName = Release;
		};
/* End XCConfigurationList section */
	};
	rootObject = A95EE67D1D348FAC00CDB6ED /* Project object */;
}
